{
  "originHash" : "fbf9bece2d31269cab21d33104d5b91a69800c05285ed4f1400b393b035db520",
  "pins" : [
    {
      "identity" : "wwntpclient",
      "kind" : "remoteSourceControl",
      "location" : "https://github.com/William-Weng/WWNtpClient",
      "state" : {
        "revision" : "4b29a376728c30c12c298861569030e4a1441232",
        "version" : "1.0.2"
      }
    },
    {
      "identity" : "wwtcpconnection",
      "kind" : "remoteSourceControl",
      "location" : "https://github.com/William-Weng/WWTcpConnection",
      "state" : {
        "revision" : "57f600773c0fbd0b802828095b74e316f7de98f0",
        "version" : "1.0.3"
      }
    }
  ],
  "version" : 3
}
